
Microsoft Visual Studio Solution File, Format Version 12.00
# Visual Studio Version 16
VisualStudioVersion = 16.0.30413.136
MinimumVisualStudioVersion = 10.0.40219.1
Project("{9A19103F-16F7-4668-BE54-9A1E7A4F7556}") = "Console", "Console\Console.csproj", "{013504F5-D872-4287-958F-8165DA643270}"
EndProject
Project("{9A19103F-16F7-4668-BE54-9A1E7A4F7556}") = "Model", "Model\Model.csproj", "{2F5EBF8F-00FD-4C36-8963-7C513C0626C8}"
EndProject
Global
	GlobalSection(SolutionConfigurationPlatforms) = preSolution
		Debug|Any CPU = Debug|Any CPU
		Release|Any CPU = Release|Any CPU
	EndGlobalSection
	GlobalSection(ProjectConfigurationPlatforms) = postSolution
		{013504F5-D872-4287-958F-8165DA643270}.Debug|Any CPU.ActiveCfg = Debug|Any CPU
		{013504F5-D872-4287-958F-8165DA643270}.Debug|Any CPU.Build.0 = Debug|Any CPU
		{013504F5-D872-4287-958F-8165DA643270}.Release|Any CPU.ActiveCfg = Release|Any CPU
		{013504F5-D872-4287-958F-8165DA643270}.Release|Any CPU.Build.0 = Release|Any CPU
		{2F5EBF8F-00FD-4C36-8963-7C513C0626C8}.Debug|Any CPU.ActiveCfg = Debug|Any CPU
		{2F5EBF8F-00FD-4C36-8963-7C513C0626C8}.Debug|Any CPU.Build.0 = Debug|Any CPU
		{2F5EBF8F-00FD-4C36-8963-7C513C0626C8}.Release|Any CPU.ActiveCfg = Release|Any CPU
		{2F5EBF8F-00FD-4C36-8963-7C513C0626C8}.Release|Any CPU.Build.0 = Release|Any CPU
	EndGlobalSection
	GlobalSection(SolutionProperties) = preSolution
		HideSolutionNode = FALSE
	EndGlobalSection
	GlobalSection(ExtensibilityGlobals) = postSolution
		SolutionGuid = {E59AC0AF-A3A8-4E7F-A36C-C702B70D417E}
	EndGlobalSection
EndGlobal
